
Microsoft Visual Studio Solution File, Format Version 12.00
# Visual Studio Version 17
VisualStudioVersion = 17.8.34309.116
MinimumVisualStudioVersion = 10.0.40219.1
Project("{FAE04EC0-301F-11D3-BF4B-00C04F79EFBC}") = "ProyectoTFG", "ProyectoTFG\ProyectoTFG.csproj", "{A5693105-0C81-434E-82B3-BC98A0F2C656}"
EndProject
Global
	GlobalSection(SolutionConfigurationPlatforms) = preSolution
		Debug|Any CPU = Debug|Any CPU
		Release|Any CPU = Release|Any CPU
	EndGlobalSection
	GlobalSection(ProjectConfigurationPlatforms) = postSolution
		{A5693105-0C81-434E-82B3-BC98A0F2C656}.Debug|Any CPU.ActiveCfg = Debug|Any CPU
		{A5693105-0C81-434E-82B3-BC98A0F2C656}.Debug|Any CPU.Build.0 = Debug|Any CPU
		{A5693105-0C81-434E-82B3-BC98A0F2C656}.Release|Any CPU.ActiveCfg = Release|Any CPU
		{A5693105-0C81-434E-82B3-BC98A0F2C656}.Release|Any CPU.Build.0 = Release|Any CPU
	EndGlobalSection
	GlobalSection(SolutionProperties) = preSolution
		HideSolutionNode = FALSE
	EndGlobalSection
	GlobalSection(ExtensibilityGlobals) = postSolution
		SolutionGuid = {84FA9F6E-EA4F-42CF-83A1-CA98E77471B9}
	EndGlobalSection
EndGlobal
